// !$*UTF8*$!
{
	archiveVersion = 1;
	classes = {
	};
	objectVersion = 56;
	objects = {

/* Begin PBXBuildFile section */
		339CAD5829119E65005A72AF /* SWTestApp.swift in Sources */ = {isa = PBXBuildFile; fileRef = 339CAD5729119E65005A72AF /* SWTestApp.swift */; };
		339CAD5A29119E65005A72AF /* MainView.swift in Sources */ = {isa = PBXBuildFile; fileRef = 339CAD5929119E65005A72AF /* MainView.swift */; };
		339CAD5C29119E66005A72AF /* Assets.xcassets in Resources */ = {isa = PBXBuildFile; fileRef = 339CAD5B29119E66005A72AF /* Assets.xcassets */; };
		339CAD5F29119E66005A72AF /* Preview Assets.xcassets in Resources */ = {isa = PBXBuildFile; fileRef = 339CAD5E29119E66005A72AF /* Preview Assets.xcassets */; };
		339CAD672911AB70005A72AF /* SDWebImageSwiftUI in Frameworks */ = {isa = PBXBuildFile; productRef = 339CAD662911AB70005A72AF /* SDWebImageSwiftUI */; };
		339CAD6D2911AC1F005A72AF /* APIBuilder.swift in Sources */ = {isa = PBXBuildFile; fileRef = 339CAD6C2911AC1F005A72AF /* APIBuilder.swift */; };
		339CAD742911B1BB005A72AF /* APIError.swift in Sources */ = {isa = PBXBuildFile; fileRef = 339CAD732911B1BB005A72AF /* APIError.swift */; };
		339CAD772911B2B4005A72AF /* UnSplashService.swift in Sources */ = {isa = PBXBuildFile; fileRef = 339CAD762911B2B4005A72AF /* UnSplashService.swift */; };
		339CAD792911B665005A72AF /* PhotoModel.swift in Sources */ = {isa = PBXBuildFile; fileRef = 339CAD782911B665005A72AF /* PhotoModel.swift */; };
		339CAD7C2911BA61005A72AF /* ResultState.swift in Sources */ = {isa = PBXBuildFile; fileRef = 339CAD7B2911BA61005A72AF /* ResultState.swift */; };
		339CAD7E2911BACD005A72AF /* MainViewModel.swift in Sources */ = {isa = PBXBuildFile; fileRef = 339CAD7D2911BACD005A72AF /* MainViewModel.swift */; };
		33C0CD1F2911DFD30016327C /* PhotoCell.swift in Sources */ = {isa = PBXBuildFile; fileRef = 33C0CD1E2911DFD20016327C /* PhotoCell.swift */; };
		33C0CD212911E5AA0016327C /* DetailPhotoView.swift in Sources */ = {isa = PBXBuildFile; fileRef = 33C0CD202911E5AA0016327C /* DetailPhotoView.swift */; };
/* End PBXBuildFile section */

/* Begin PBXFileReference section */
		339CAD5429119E65005A72AF /* SWTestApp.app */ = {isa = PBXFileReference; explicitFileType = wrapper.application; includeInIndex = 0; path = SWTestApp.app; sourceTree = BUILT_PRODUCTS_DIR; };
		339CAD5729119E65005A72AF /* SWTestApp.swift */ = {isa = PBXFileReference; lastKnownFileType = sourcecode.swift; path = SWTestApp.swift; sourceTree = "<group>"; };
		339CAD5929119E65005A72AF /* MainView.swift */ = {isa = PBXFileReference; lastKnownFileType = sourcecode.swift; path = MainView.swift; sourceTree = "<group>"; };
		339CAD5B29119E66005A72AF /* Assets.xcassets */ = {isa = PBXFileReference; lastKnownFileType = folder.assetcatalog; path = Assets.xcassets; sourceTree = "<group>"; };
		339CAD5E29119E66005A72AF /* Preview Assets.xcassets */ = {isa = PBXFileReference; lastKnownFileType = folder.assetcatalog; path = "Preview Assets.xcassets"; sourceTree = "<group>"; };
		339CAD6C2911AC1F005A72AF /* APIBuilder.swift */ = {isa = PBXFileReference; lastKnownFileType = sourcecode.swift; path = APIBuilder.swift; sourceTree = "<group>"; };
		339CAD6F2911AE6A005A72AF /* Info.plist */ = {isa = PBXFileReference; lastKnownFileType = text.plist.xml; path = Info.plist; sourceTree = "<group>"; };
		339CAD732911B1BB005A72AF /* APIError.swift */ = {isa = PBXFileReference; lastKnownFileType = sourcecode.swift; path = APIError.swift; sourceTree = "<group>"; };
		339CAD762911B2B4005A72AF /* UnSplashService.swift */ = {isa = PBXFileReference; lastKnownFileType = sourcecode.swift; path = UnSplashService.swift; sourceTree = "<group>"; };
		339CAD782911B665005A72AF /* PhotoModel.swift */ = {isa = PBXFileReference; lastKnownFileType = sourcecode.swift; path = PhotoModel.swift; sourceTree = "<group>"; };
		339CAD7B2911BA61005A72AF /* ResultState.swift */ = {isa = PBXFileReference; lastKnownFileType = sourcecode.swift; path = ResultState.swift; sourceTree = "<group>"; };
		339CAD7D2911BACD005A72AF /* MainViewModel.swift */ = {isa = PBXFileReference; lastKnownFileType = sourcecode.swift; path = MainViewModel.swift; sourceTree = "<group>"; };
		33C0CD1E2911DFD20016327C /* PhotoCell.swift */ = {isa = PBXFileReference; lastKnownFileType = sourcecode.swift; path = PhotoCell.swift; sourceTree = "<group>"; };
		33C0CD202911E5AA0016327C /* DetailPhotoView.swift */ = {isa = PBXFileReference; lastKnownFileType = sourcecode.swift; path = DetailPhotoView.swift; sourceTree = "<group>"; };
/* End PBXFileReference section */

/* Begin PBXFrameworksBuildPhase section */
		339CAD5129119E65005A72AF /* Frameworks */ = {
			isa = PBXFrameworksBuildPhase;
			buildActionMask = 2147483647;
			files = (
				339CAD672911AB70005A72AF /* SDWebImageSwiftUI in Frameworks */,
			);
			runOnlyForDeploymentPostprocessing = 0;
		};
/* End PBXFrameworksBuildPhase section */

/* Begin PBXGroup section */
		339CAD4B29119E65005A72AF = {
			isa = PBXGroup;
			children = (
				339CAD5629119E65005A72AF /* SWTestApp */,
				339CAD5529119E65005A72AF /* Products */,
			);
			sourceTree = "<group>";
		};
		339CAD5529119E65005A72AF /* Products */ = {
			isa = PBXGroup;
			children = (
				339CAD5429119E65005A72AF /* SWTestApp.app */,
			);
			name = Products;
			sourceTree = "<group>";
		};
		339CAD5629119E65005A72AF /* SWTestApp */ = {
			isa = PBXGroup;
			children = (
				339CAD752911B29F005A72AF /* Service */,
				339CAD712911B1AB005A72AF /* Helper */,
				339CAD702911B103005A72AF /* Resources */,
				339CAD6B2911AC13005A72AF /* Endpoint */,
				339CAD692911AB86005A72AF /* Screens */,
				339CAD682911AB81005A72AF /* Model */,
				339CAD5D29119E66005A72AF /* Preview Content */,
				339CAD5729119E65005A72AF /* SWTestApp.swift */,
				339CAD6F2911AE6A005A72AF /* Info.plist */,
			);
			path = SWTestApp;
			sourceTree = "<group>";
		};
		339CAD5D29119E66005A72AF /* Preview Content */ = {
			isa = PBXGroup;
			children = (
				339CAD5E29119E66005A72AF /* Preview Assets.xcassets */,
			);
			path = "Preview Content";
			sourceTree = "<group>";
		};
		339CAD682911AB81005A72AF /* Model */ = {
			isa = PBXGroup;
			children = (
				339CAD782911B665005A72AF /* PhotoModel.swift */,
			);
			path = Model;
			sourceTree = "<group>";
		};
		339CAD692911AB86005A72AF /* Screens */ = {
			isa = PBXGroup;
			children = (
				339CAD7F2911DEE8005A72AF /* Main */,
			);
			path = Screens;
			sourceTree = "<group>";
		};
		339CAD6B2911AC13005A72AF /* Endpoint */ = {
			isa = PBXGroup;
			children = (
				339CAD6C2911AC1F005A72AF /* APIBuilder.swift */,
			);
			path = Endpoint;
			sourceTree = "<group>";
		};
		339CAD702911B103005A72AF /* Resources */ = {
			isa = PBXGroup;
			children = (
				339CAD5B29119E66005A72AF /* Assets.xcassets */,
			);
			path = Resources;
			sourceTree = "<group>";
		};
		339CAD712911B1AB005A72AF /* Helper */ = {
			isa = PBXGroup;
			children = (
				339CAD722911B1B1005A72AF /* Error */,
			);
			path = Helper;
			sourceTree = "<group>";
		};
		339CAD722911B1B1005A72AF /* Error */ = {
			isa = PBXGroup;
			children = (
				339CAD732911B1BB005A72AF /* APIError.swift */,
			);
			path = Error;
			sourceTree = "<group>";
		};
		339CAD752911B29F005A72AF /* Service */ = {
			isa = PBXGroup;
			children = (
				339CAD762911B2B4005A72AF /* UnSplashService.swift */,
			);
			path = Service;
			sourceTree = "<group>";
		};
		339CAD7A2911BA57005A72AF /* States */ = {
			isa = PBXGroup;
			children = (
				339CAD7B2911BA61005A72AF /* ResultState.swift */,
			);
			path = States;
			sourceTree = "<group>";
		};
		339CAD7F2911DEE8005A72AF /* Main */ = {
			isa = PBXGroup;
			children = (
				339CAD7A2911BA57005A72AF /* States */,
				339CAD822911DF09005A72AF /* ViewModel */,
				339CAD802911DEF1005A72AF /* Views */,
			);
			path = Main;
			sourceTree = "<group>";
		};
		339CAD802911DEF1005A72AF /* Views */ = {
			isa = PBXGroup;
			children = (
				339CAD832911DF9B005A72AF /* PhotoCell */,
				339CAD812911DEFC005A72AF /* MainView */,
				33C0CD202911E5AA0016327C /* DetailPhotoView.swift */,
			);
			path = Views;
			sourceTree = "<group>";
		};
		339CAD812911DEFC005A72AF /* MainView */ = {
			isa = PBXGroup;
			children = (
				339CAD5929119E65005A72AF /* MainView.swift */,
			);
			path = MainView;
			sourceTree = "<group>";
		};
		339CAD822911DF09005A72AF /* ViewModel */ = {
			isa = PBXGroup;
			children = (
				339CAD7D2911BACD005A72AF /* MainViewModel.swift */,
			);
			path = ViewModel;
			sourceTree = "<group>";
		};
		339CAD832911DF9B005A72AF /* PhotoCell */ = {
			isa = PBXGroup;
			children = (
				33C0CD1E2911DFD20016327C /* PhotoCell.swift */,
			);
			path = PhotoCell;
			sourceTree = "<group>";
		};
/* End PBXGroup section */

/* Begin PBXNativeTarget section */
		339CAD5329119E65005A72AF /* SWTestApp */ = {
			isa = PBXNativeTarget;
			buildConfigurationList = 339CAD6229119E66005A72AF /* Build configuration list for PBXNativeTarget "SWTestApp" */;
			buildPhases = (
				339CAD5029119E65005A72AF /* Sources */,
				339CAD5129119E65005A72AF /* Frameworks */,
				339CAD5229119E65005A72AF /* Resources */,
			);
			buildRules = (
			);
			dependencies = (
			);
			name = SWTestApp;
			packageProductDependencies = (
				339CAD662911AB70005A72AF /* SDWebImageSwiftUI */,
			);
			productName = SWTestApp;
			productReference = 339CAD5429119E65005A72AF /* SWTestApp.app */;
			productType = "com.apple.product-type.application";
		};
/* End PBXNativeTarget section */

/* Begin PBXProject section */
		339CAD4C29119E65005A72AF /* Project object */ = {
			isa = PBXProject;
			attributes = {
				BuildIndependentTargetsInParallel = 1;
				LastSwiftUpdateCheck = 1400;
				LastUpgradeCheck = 1400;
				TargetAttributes = {
					339CAD5329119E65005A72AF = {
						CreatedOnToolsVersion = 14.0.1;
					};
				};
			};
			buildConfigurationList = 339CAD4F29119E65005A72AF /* Build configuration list for PBXProject "SWTestApp" */;
			compatibilityVersion = "Xcode 14.0";
			developmentRegion = en;
			hasScannedForEncodings = 0;
			knownRegions = (
				en,
				Base,
			);
			mainGroup = 339CAD4B29119E65005A72AF;
			packageReferences = (
				339CAD652911AB70005A72AF /* XCRemoteSwiftPackageReference "SDWebImageSwiftUI" */,
			);
			productRefGroup = 339CAD5529119E65005A72AF /* Products */;
			projectDirPath = "";
			projectRoot = "";
			targets = (
				339CAD5329119E65005A72AF /* SWTestApp */,
			);
		};
/* End PBXProject section */

/* Begin PBXResourcesBuildPhase section */
		339CAD5229119E65005A72AF /* Resources */ = {
			isa = PBXResourcesBuildPhase;
			buildActionMask = 2147483647;
			files = (
				339CAD5F29119E66005A72AF /* Preview Assets.xcassets in Resources */,
				339CAD5C29119E66005A72AF /* Assets.xcassets in Resources */,
			);
			runOnlyForDeploymentPostprocessing = 0;
		};
/* End PBXResourcesBuildPhase section */

/* Begin PBXSourcesBuildPhase section */
		339CAD5029119E65005A72AF /* Sources */ = {
			isa = PBXSourcesBuildPhase;
			buildActionMask = 2147483647;
			files = (
				339CAD7C2911BA61005A72AF /* ResultState.swift in Sources */,
				339CAD792911B665005A72AF /* PhotoModel.swift in Sources */,
				339CAD6D2911AC1F005A72AF /* APIBuilder.swift in Sources */,
				33C0CD212911E5AA0016327C /* DetailPhotoView.swift in Sources */,
				339CAD742911B1BB005A72AF /* APIError.swift in Sources */,
				339CAD5A29119E65005A72AF /* MainView.swift in Sources */,
				33C0CD1F2911DFD30016327C /* PhotoCell.swift in Sources */,
				339CAD772911B2B4005A72AF /* UnSplashService.swift in Sources */,
				339CAD5829119E65005A72AF /* SWTestApp.swift in Sources */,
				339CAD7E2911BACD005A72AF /* MainViewModel.swift in Sources */,
			);
			runOnlyForDeploymentPostprocessing = 0;
		};
/* End PBXSourcesBuildPhase section */

/* Begin XCBuildConfiguration section */
		339CAD6029119E66005A72AF /* Debug */ = {
			isa = XCBuildConfiguration;
			buildSettings = {
				ALWAYS_SEARCH_USER_PATHS = NO;
				CLANG_ANALYZER_NONNULL = YES;
				CLANG_ANALYZER_NUMBER_OBJECT_CONVERSION = YES_AGGRESSIVE;
				CLANG_CXX_LANGUAGE_STANDARD = "gnu++20";
				CLANG_ENABLE_MODULES = YES;
				CLANG_ENABLE_OBJC_ARC = YES;
				CLANG_ENABLE_OBJC_WEAK = YES;
				CLANG_WARN_BLOCK_CAPTURE_AUTORELEASING = YES;
				CLANG_WARN_BOOL_CONVERSION = YES;
				CLANG_WARN_COMMA = YES;
				CLANG_WARN_CONSTANT_CONVERSION = YES;
				CLANG_WARN_DEPRECATED_OBJC_IMPLEMENTATIONS = YES;
				CLANG_WARN_DIRECT_OBJC_ISA_USAGE = YES_ERROR;
				CLANG_WARN_DOCUMENTATION_COMMENTS = YES;
				CLANG_WARN_EMPTY_BODY = YES;
				CLANG_WARN_ENUM_CONVERSION = YES;
				CLANG_WARN_INFINITE_RECURSION = YES;
				CLANG_WARN_INT_CONVERSION = YES;
				CLANG_WARN_NON_LITERAL_NULL_CONVERSION = YES;
				CLANG_WARN_OBJC_IMPLICIT_RETAIN_SELF = YES;
				CLANG_WARN_OBJC_LITERAL_CONVERSION = YES;
				CLANG_WARN_OBJC_ROOT_CLASS = YES_ERROR;
				CLANG_WARN_QUOTED_INCLUDE_IN_FRAMEWORK_HEADER = YES;
				CLANG_WARN_RANGE_LOOP_ANALYSIS = YES;
				CLANG_WARN_STRICT_PROTOTYPES = YES;
				CLANG_WARN_SUSPICIOUS_MOVE = YES;
				CLANG_WARN_UNGUARDED_AVAILABILITY = YES_AGGRESSIVE;
				CLANG_WARN_UNREACHABLE_CODE = YES;
				CLANG_WARN__DUPLICATE_METHOD_MATCH = YES;
				COPY_PHASE_STRIP = NO;
				DEBUG_INFORMATION_FORMAT = dwarf;
				ENABLE_STRICT_OBJC_MSGSEND = YES;
				ENABLE_TESTABILITY = YES;
				GCC_C_LANGUAGE_STANDARD = gnu11;
				GCC_DYNAMIC_NO_PIC = NO;
				GCC_NO_COMMON_BLOCKS = YES;
				GCC_OPTIMIZATION_LEVEL = 0;
				GCC_PREPROCESSOR_DEFINITIONS = (
					"DEBUG=1",
					"$(inherited)",
				);
				GCC_WARN_64_TO_32_BIT_CONVERSION = YES;
				GCC_WARN_ABOUT_RETURN_TYPE = YES_ERROR;
				GCC_WARN_UNDECLARED_SELECTOR = YES;
				GCC_WARN_UNINITIALIZED_AUTOS = YES_AGGRESSIVE;
				GCC_WARN_UNUSED_FUNCTION = YES;
				GCC_WARN_UNUSED_VARIABLE = YES;
				IPHONEOS_DEPLOYMENT_TARGET = 14.0;
				MTL_ENABLE_DEBUG_INFO = INCLUDE_SOURCE;
				MTL_FAST_MATH = YES;
				ONLY_ACTIVE_ARCH = YES;
				SDKROOT = iphoneos;
				SWIFT_ACTIVE_COMPILATION_CONDITIONS = DEBUG;
				SWIFT_OPTIMIZATION_LEVEL = "-Onone";
			};
			name = Debug;
		};
		339CAD6129119E66005A72AF /* Release */ = {
			isa = XCBuildConfiguration;
			buildSettings = {
				ALWAYS_SEARCH_USER_PATHS = NO;
				CLANG_ANALYZER_NONNULL = YES;
				CLANG_ANALYZER_NUMBER_OBJECT_CONVERSION = YES_AGGRESSIVE;
				CLANG_CXX_LANGUAGE_STANDARD = "gnu++20";
				CLANG_ENABLE_MODULES = YES;
				CLANG_ENABLE_OBJC_ARC = YES;
				CLANG_ENABLE_OBJC_WEAK = YES;
				CLANG_WARN_BLOCK_CAPTURE_AUTORELEASING = YES;
				CLANG_WARN_BOOL_CONVERSION = YES;
				CLANG_WARN_COMMA = YES;
				CLANG_WARN_CONSTANT_CONVERSION = YES;
				CLANG_WARN_DEPRECATED_OBJC_IMPLEMENTATIONS = YES;
				CLANG_WARN_DIRECT_OBJC_ISA_USAGE = YES_ERROR;
				CLANG_WARN_DOCUMENTATION_COMMENTS = YES;
				CLANG_WARN_EMPTY_BODY = YES;
				CLANG_WARN_ENUM_CONVERSION = YES;
				CLANG_WARN_INFINITE_RECURSION = YES;
				CLANG_WARN_INT_CONVERSION = YES;
				CLANG_WARN_NON_LITERAL_NULL_CONVERSION = YES;
				CLANG_WARN_OBJC_IMPLICIT_RETAIN_SELF = YES;
				CLANG_WARN_OBJC_LITERAL_CONVERSION = YES;
				CLANG_WARN_OBJC_ROOT_CLASS = YES_ERROR;
				CLANG_WARN_QUOTED_INCLUDE_IN_FRAMEWORK_HEADER = YES;
				CLANG_WARN_RANGE_LOOP_ANALYSIS = YES;
				CLANG_WARN_STRICT_PROTOTYPES = YES;
				CLANG_WARN_SUSPICIOUS_MOVE = YES;
				CLANG_WARN_UNGUARDED_AVAILABILITY = YES_AGGRESSIVE;
				CLANG_WARN_UNREACHABLE_CODE = YES;
				CLANG_WARN__DUPLICATE_METHOD_MATCH = YES;
				COPY_PHASE_STRIP = NO;
				DEBUG_INFORMATION_FORMAT = "dwarf-with-dsym";
				ENABLE_NS_ASSERTIONS = NO;
				ENABLE_STRICT_OBJC_MSGSEND = YES;
				GCC_C_LANGUAGE_STANDARD = gnu11;
				GCC_NO_COMMON_BLOCKS = YES;
				GCC_WARN_64_TO_32_BIT_CONVERSION = YES;
				GCC_WARN_ABOUT_RETURN_TYPE = YES_ERROR;
				GCC_WARN_UNDECLARED_SELECTOR = YES;
				GCC_WARN_UNINITIALIZED_AUTOS = YES_AGGRESSIVE;
				GCC_WARN_UNUSED_FUNCTION = YES;
				GCC_WARN_UNUSED_VARIABLE = YES;
				IPHONEOS_DEPLOYMENT_TARGET = 14.0;
				MTL_ENABLE_DEBUG_INFO = NO;
				MTL_FAST_MATH = YES;
				SDKROOT = iphoneos;
				SWIFT_COMPILATION_MODE = wholemodule;
				SWIFT_OPTIMIZATION_LEVEL = "-O";
				VALIDATE_PRODUCT = YES;
			};
			name = Release;
		};
		339CAD6329119E66005A72AF /* Debug */ = {
			isa = XCBuildConfiguration;
			buildSettings = {
				ASSETCATALOG_COMPILER_APPICON_NAME = AppIcon;
				ASSETCATALOG_COMPILER_GLOBAL_ACCENT_COLOR_NAME = AccentColor;
				CODE_SIGN_STYLE = Automatic;
				CURRENT_PROJECT_VERSION = 1;
				DEVELOPMENT_ASSET_PATHS = "\"SWTestApp/Preview Content\"";
				ENABLE_PREVIEWS = YES;
				GENERATE_INFOPLIST_FILE = YES;
				INFOPLIST_FILE = SWTestApp/Info.plist;
				INFOPLIST_KEY_UIApplicationSceneManifest_Generation = YES;
				INFOPLIST_KEY_UIApplicationSupportsIndirectInputEvents = YES;
				INFOPLIST_KEY_UILaunchScreen_Generation = YES;
				INFOPLIST_KEY_UISupportedInterfaceOrientations = UIInterfaceOrientationPortrait;
				LD_RUNPATH_SEARCH_PATHS = (
					"$(inherited)",
					"@executable_path/Frameworks",
				);
				MARKETING_VERSION = 1.0;
				PRODUCT_BUNDLE_IDENTIFIER = com.llxodz.SWTestApp;
				PRODUCT_NAME = "$(TARGET_NAME)";
				SWIFT_EMIT_LOC_STRINGS = YES;
				SWIFT_VERSION = 5.0;
				TARGETED_DEVICE_FAMILY = "1,2";
			};
			name = Debug;
		};
		339CAD6429119E66005A72AF /* Release */ = {
			isa = XCBuildConfiguration;
			buildSettings = {
				ASSETCATALOG_COMPILER_APPICON_NAME = AppIcon;
				ASSETCATALOG_COMPILER_GLOBAL_ACCENT_COLOR_NAME = AccentColor;
				CODE_SIGN_STYLE = Automatic;
				CURRENT_PROJECT_VERSION = 1;
				DEVELOPMENT_ASSET_PATHS = "\"SWTestApp/Preview Content\"";
				ENABLE_PREVIEWS = YES;
				GENERATE_INFOPLIST_FILE = YES;
				INFOPLIST_FILE = SWTestApp/Info.plist;
				INFOPLIST_KEY_UIApplicationSceneManifest_Generation = YES;
				INFOPLIST_KEY_UIApplicationSupportsIndirectInputEvents = YES;
				INFOPLIST_KEY_UILaunchScreen_Generation = YES;
				INFOPLIST_KEY_UISupportedInterfaceOrientations = UIInterfaceOrientationPortrait;
				LD_RUNPATH_SEARCH_PATHS = (
					"$(inherited)",
					"@executable_path/Frameworks",
				);
				MARKETING_VERSION = 1.0;
				PRODUCT_BUNDLE_IDENTIFIER = com.llxodz.SWTestApp;
				PRODUCT_NAME = "$(TARGET_NAME)";
				SWIFT_EMIT_LOC_STRINGS = YES;
				SWIFT_VERSION = 5.0;
				TARGETED_DEVICE_FAMILY = "1,2";
			};
			name = Release;
		};
/* End XCBuildConfiguration section */

/* Begin XCConfigurationList section */
		339CAD4F29119E65005A72AF /* Build configuration list for PBXProject "SWTestApp" */ = {
			isa = XCConfigurationList;
			buildConfigurations = (
				339CAD6029119E66005A72AF /* Debug */,
				339CAD6129119E66005A72AF /* Release */,
			);
			defaultConfigurationIsVisible = 0;
			defaultConfigurationName = Release;
		};
		339CAD6229119E66005A72AF /* Build configuration list for PBXNativeTarget "SWTestApp" */ = {
			isa = XCConfigurationList;
			buildConfigurations = (
				339CAD6329119E66005A72AF /* Debug */,
				339CAD6429119E66005A72AF /* Release */,
			);
			defaultConfigurationIsVisible = 0;
			defaultConfigurationName = Release;
		};
/* End XCConfigurationList section */

/* Begin XCRemoteSwiftPackageReference section */
		339CAD652911AB70005A72AF /* XCRemoteSwiftPackageReference "SDWebImageSwiftUI" */ = {
			isa = XCRemoteSwiftPackageReference;
			repositoryURL = "https://github.com/SDWebImage/SDWebImageSwiftUI.git";
			requirement = {
				kind = upToNextMajorVersion;
				minimumVersion = 2.0.0;
			};
		};
/* End XCRemoteSwiftPackageReference section */

/* Begin XCSwiftPackageProductDependency section */
		339CAD662911AB70005A72AF /* SDWebImageSwiftUI */ = {
			isa = XCSwiftPackageProductDependency;
			package = 339CAD652911AB70005A72AF /* XCRemoteSwiftPackageReference "SDWebImageSwiftUI" */;
			productName = SDWebImageSwiftUI;
		};
/* End XCSwiftPackageProductDependency section */
	};
	rootObject = 339CAD4C29119E65005A72AF /* Project object */;
}
